
Microsoft Visual Studio Solution File, Format Version 12.00
# Visual Studio Version 16
VisualStudioVersion = 16.0.30804.86
MinimumVisualStudioVersion = 10.0.40219.1
Project("{9A19103F-16F7-4668-BE54-9A1E7A4F7556}") = "ConsoleTest", "ConsoleTest\ConsoleTest.csproj", "{27066492-D1CC-425D-846A-2162E0F5B4CF}"
EndProject
Project("{9A19103F-16F7-4668-BE54-9A1E7A4F7556}") = "Views", "Handbook\Views.csproj", "{F38FD89F-E88C-4831-9411-487399FC7956}"
	ProjectSection(ProjectDependencies) = postProject
		{2AD976E5-FF5F-46C3-B249-1D9C02594C13} = {2AD976E5-FF5F-46C3-B249-1D9C02594C13}
	EndProjectSection
EndProject
Project("{9A19103F-16F7-4668-BE54-9A1E7A4F7556}") = "Controllers", "Controller\Controllers.csproj", "{2AD976E5-FF5F-46C3-B249-1D9C02594C13}"
	ProjectSection(ProjectDependencies) = postProject
		{9AF3B797-5914-45A9-88FC-C1A0ACAFDCFA} = {9AF3B797-5914-45A9-88FC-C1A0ACAFDCFA}
	EndProjectSection
EndProject
Project("{9A19103F-16F7-4668-BE54-9A1E7A4F7556}") = "Models", "Models\Models.csproj", "{9AF3B797-5914-45A9-88FC-C1A0ACAFDCFA}"
EndProject
Project("{FAE04EC0-301F-11D3-BF4B-00C04F79EFBC}") = "WinFormsInterface", "WindowFormView\WinFormsInterface.csproj", "{40C8FD7C-3B0B-408E-97B5-50F82EECE3E9}"
	ProjectSection(ProjectDependencies) = postProject
		{F38FD89F-E88C-4831-9411-487399FC7956} = {F38FD89F-E88C-4831-9411-487399FC7956}
	EndProjectSection
EndProject
Project("{FAE04EC0-301F-11D3-BF4B-00C04F79EFBC}") = "WindowsFormsApp1", "WindowsFormsApp1\WindowsFormsApp1.csproj", "{B53DB939-E01A-4BD1-9883-313645FB71B1}"
EndProject
Global
	GlobalSection(SolutionConfigurationPlatforms) = preSolution
		Debug|Any CPU = Debug|Any CPU
		Release|Any CPU = Release|Any CPU
	EndGlobalSection
	GlobalSection(ProjectConfigurationPlatforms) = postSolution
		{27066492-D1CC-425D-846A-2162E0F5B4CF}.Debug|Any CPU.ActiveCfg = Debug|Any CPU
		{27066492-D1CC-425D-846A-2162E0F5B4CF}.Debug|Any CPU.Build.0 = Debug|Any CPU
		{27066492-D1CC-425D-846A-2162E0F5B4CF}.Release|Any CPU.ActiveCfg = Release|Any CPU
		{27066492-D1CC-425D-846A-2162E0F5B4CF}.Release|Any CPU.Build.0 = Release|Any CPU
		{F38FD89F-E88C-4831-9411-487399FC7956}.Debug|Any CPU.ActiveCfg = Debug|Any CPU
		{F38FD89F-E88C-4831-9411-487399FC7956}.Debug|Any CPU.Build.0 = Debug|Any CPU
		{F38FD89F-E88C-4831-9411-487399FC7956}.Release|Any CPU.ActiveCfg = Release|Any CPU
		{F38FD89F-E88C-4831-9411-487399FC7956}.Release|Any CPU.Build.0 = Release|Any CPU
		{2AD976E5-FF5F-46C3-B249-1D9C02594C13}.Debug|Any CPU.ActiveCfg = Debug|Any CPU
		{2AD976E5-FF5F-46C3-B249-1D9C02594C13}.Debug|Any CPU.Build.0 = Debug|Any CPU
		{2AD976E5-FF5F-46C3-B249-1D9C02594C13}.Release|Any CPU.ActiveCfg = Release|Any CPU
		{2AD976E5-FF5F-46C3-B249-1D9C02594C13}.Release|Any CPU.Build.0 = Release|Any CPU
		{9AF3B797-5914-45A9-88FC-C1A0ACAFDCFA}.Debug|Any CPU.ActiveCfg = Debug|Any CPU
		{9AF3B797-5914-45A9-88FC-C1A0ACAFDCFA}.Debug|Any CPU.Build.0 = Debug|Any CPU
		{9AF3B797-5914-45A9-88FC-C1A0ACAFDCFA}.Release|Any CPU.ActiveCfg = Release|Any CPU
		{9AF3B797-5914-45A9-88FC-C1A0ACAFDCFA}.Release|Any CPU.Build.0 = Release|Any CPU
		{40C8FD7C-3B0B-408E-97B5-50F82EECE3E9}.Debug|Any CPU.ActiveCfg = Debug|Any CPU
		{40C8FD7C-3B0B-408E-97B5-50F82EECE3E9}.Debug|Any CPU.Build.0 = Debug|Any CPU
		{40C8FD7C-3B0B-408E-97B5-50F82EECE3E9}.Release|Any CPU.ActiveCfg = Release|Any CPU
		{40C8FD7C-3B0B-408E-97B5-50F82EECE3E9}.Release|Any CPU.Build.0 = Release|Any CPU
		{B53DB939-E01A-4BD1-9883-313645FB71B1}.Debug|Any CPU.ActiveCfg = Debug|Any CPU
		{B53DB939-E01A-4BD1-9883-313645FB71B1}.Debug|Any CPU.Build.0 = Debug|Any CPU
		{B53DB939-E01A-4BD1-9883-313645FB71B1}.Release|Any CPU.ActiveCfg = Release|Any CPU
		{B53DB939-E01A-4BD1-9883-313645FB71B1}.Release|Any CPU.Build.0 = Release|Any CPU
	EndGlobalSection
	GlobalSection(SolutionProperties) = preSolution
		HideSolutionNode = FALSE
	EndGlobalSection
	GlobalSection(ExtensibilityGlobals) = postSolution
		SolutionGuid = {42E4C55D-E475-4456-AF7E-B697CC847DB2}
	EndGlobalSection
EndGlobal
